{
  "name": "@lumine-code/scandal",
  "version": "5.0.0",
  "lockfileVersion": 3,
  "requires": true,
  "packages": {
    "": {
      "name": "@lumine-code/scandal",
      "version": "5.0.0",
      "license": "MIT",
      "dependencies": {
        "@lumine-code/git-utils": "https://github.com/lumine-code/git-utils.git#902c0ef4035d870cc4b968baebd06eab3d8acf3e",
        "argparse": "^2.0.1",
        "isbinaryfile": "^5.0.6",
        "minimatch": "^10.2.5",
        "split": "^1.0.0"
      },
      "bin": {
        "scandal": "bin/scandal"
      },
      "devDependencies": {
        "@lumine-code/jasmine-focused": "https://github.com/lumine-code/jasmine-focused.git#6d04426bcb107dc44b148a6d48172c918326c068"
      },
      "engines": {
        "node": ">=20"
      }
    },
    "node_modules/@lumine-code/coffeestack": {
      "version": "2.0.0",
      "resolved": "git+ssh://git@github.com/lumine-code/coffeestack.git#b5e51bce862c21a28fcb8f0f4fca7b8d4b57d885",
      "integrity": "sha512-WlHisdxXSN/dpz7Yvwl+L1ph8DDu+e2P60UQD7BMcy65xYZ8uDw66ib7+8Po3JRDi1mDpVtXqGYlpmpXcnWt6A==",
      "dev": true,
      "license": "BSD-3-Clause",
      "dependencies": {
        "coffeescript": "2.7.0",
        "source-map-js": "^1.2.1"
      },
      "engines": {
        "node": ">=20"
      }
    },
    "node_modules/@lumine-code/git-utils": {
      "version": "9.0.0",
      "resolved": "git+ssh://git@github.com/lumine-code/git-utils.git#902c0ef4035d870cc4b968baebd06eab3d8acf3e",
      "integrity": "sha512-ypb3LSLADFsLXRges+nNVK1DzH6wIV1Vwd3Ccwml40bDOir8dP8+2sZfVJRke2e8UdEPxofcB2indmA0OY8cQw==",
      "hasInstallScript": true,
      "license": "MIT",
      "dependencies": {
        "fs-plus": "https://github.com/lumine-code/fs-plus.git#6be512460cd7a6d617277f9608b3fcba264cb3be",
        "node-addon-api": "^8.9.0"
      }
    },
    "node_modules/@lumine-code/jasmine-focused": {
      "version": "2.0.0",
      "resolved": "git+ssh://git@github.com/lumine-code/jasmine-focused.git#6d04426bcb107dc44b148a6d48172c918326c068",
      "integrity": "sha512-Gh+2UqLA/L8o7gCEVwptCBxmras1dcTm/8QC2vpguzQDmPSqDRm4qRffWHsIfeVZklyJl8EVCB1mhfX2wV0V+A==",
      "dev": true,
      "license": "MIT",
      "dependencies": {
        "@lumine-code/jasmine-node": "https://github.com/lumine-code/jasmine-node.git#e8f7ea4bdcff09d812afdf356f95ccff91f26aa4",
        "walkdir": "^0.4.1"
      },
      "bin": {
        "jasmine-focused": "bin/jasmine-focused",
        "nof": "bin/nof"
      },
      "engines": {
        "node": ">=20"
      }
    },
    "node_modules/@lumine-code/jasmine-focused/node_modules/walkdir": {
      "version": "0.4.1",
      "resolved": "https://registry.npmjs.org/walkdir/-/walkdir-0.4.1.tgz",
      "integrity": "sha512-3eBwRyEln6E1MSzcxcVpQIhRG8Q1jLvEqRmCZqS3dsfXEDR/AhOF4d+jHg1qvDCpYaVRZjENPQyrVxAkQqxPgQ==",
      "dev": true,
      "license": "MIT",
      "engines": {
        "node": ">=6.0.0"
      }
    },
    "node_modules/@lumine-code/jasmine-node": {
      "version": "2.0.0",
      "resolved": "git+ssh://git@github.com/lumine-code/jasmine-node.git#e8f7ea4bdcff09d812afdf356f95ccff91f26aa4",
      "integrity": "sha512-TXFBENXmC08zX9w8cbqDd7NAo7qc4wzsPI2IA1Km6IEIqYWxeCtWGdrBd8YTeRxho5mgq1cULg9gFeI5XcJMcA==",
      "dev": true,
      "license": "MIT",
      "dependencies": {
        "@lumine-code/coffeestack": "https://github.com/lumine-code/coffeestack.git#b5e51bce862c21a28fcb8f0f4fca7b8d4b57d885",
        "chokidar": "^4.0.3",
        "coffee-script": "npm:coffeescript@2.7.0",
        "jasmine-reporters": "^2.5.2",
        "mkdirp": "^3.0.1",
        "requirejs": "^2.3.7",
        "underscore": "^1.13.8",
        "walkdir": "^0.4.1"
      },
      "bin": {
        "jasmine-node": "bin/jasmine-node"
      },
      "engines": {
        "node": ">=20"
      }
    },
    "node_modules/@lumine-code/jasmine-node/node_modules/coffee-script": {
      "name": "coffeescript",
      "version": "2.7.0",
      "resolved": "https://registry.npmjs.org/coffeescript/-/coffeescript-2.7.0.tgz",
      "integrity": "sha512-hzWp6TUE2d/jCcN67LrW1eh5b/rSDKQK6oD6VMLlggYVUUFexgTH9z3dNYihzX4RMhze5FTUsUmOXViJKFQR/A==",
      "dev": true,
      "license": "MIT",
      "bin": {
        "cake": "bin/cake",
        "coffee": "bin/coffee"
      },
      "engines": {
        "node": ">=6"
      }
    },
    "node_modules/@lumine-code/jasmine-node/node_modules/mkdirp": {
      "version": "3.0.1",
      "resolved": "https://registry.npmjs.org/mkdirp/-/mkdirp-3.0.1.tgz",
      "integrity": "sha512-+NsyUUAZDmo6YVHzL/stxSu3t9YS1iljliy3BSDrXJ/dkn1KYdmtZODGGjLcc9XLgVVpH4KshHB8XmZgMhaBXg==",
      "dev": true,
      "license": "MIT",
      "bin": {
        "mkdirp": "dist/cjs/src/bin.js"
      },
      "engines": {
        "node": ">=10"
      },
      "funding": {
        "url": "https://github.com/sponsors/isaacs"
      }
    },
    "node_modules/@lumine-code/jasmine-node/node_modules/walkdir": {
      "version": "0.4.1",
      "resolved": "https://registry.npmjs.org/walkdir/-/walkdir-0.4.1.tgz",
      "integrity": "sha512-3eBwRyEln6E1MSzcxcVpQIhRG8Q1jLvEqRmCZqS3dsfXEDR/AhOF4d+jHg1qvDCpYaVRZjENPQyrVxAkQqxPgQ==",
      "dev": true,
      "license": "MIT",
      "engines": {
        "node": ">=6.0.0"
      }
    },
    "node_modules/@xmldom/xmldom": {
      "version": "0.8.13",
      "resolved": "https://registry.npmjs.org/@xmldom/xmldom/-/xmldom-0.8.13.tgz",
      "integrity": "sha512-KRYzxepc14G/CEpEGc3Yn+JKaAeT63smlDr+vjB8jRfgTBBI9wRj/nkQEO+ucV8p8I9bfKLWp37uHgFrbntPvw==",
      "dev": true,
      "license": "MIT",
      "engines": {
        "node": ">=10.0.0"
      }
    },
    "node_modules/argparse": {
      "version": "2.0.1",
      "resolved": "https://registry.npmjs.org/argparse/-/argparse-2.0.1.tgz",
      "integrity": "sha512-8+9WqebbFzpX9OR+Wa6O29asIogeRMzcGtAINdpMHHyAg10f05aSFVBbcEqGf/PXw1EjAZ+q2/bEBg3DvurK3Q==",
      "license": "Python-2.0"
    },
    "node_modules/chokidar": {
      "version": "4.0.3",
      "resolved": "https://registry.npmjs.org/chokidar/-/chokidar-4.0.3.tgz",
      "integrity": "sha512-Qgzu8kfBvo+cA4962jnP1KkS6Dop5NS6g7R5LFYJr4b8Ub94PPQXUksCw9PvXoeXPRRddRNC5C1JQUR2SMGtnA==",
      "dev": true,
      "license": "MIT",
      "dependencies": {
        "readdirp": "^4.0.1"
      },
      "engines": {
        "node": ">= 14.16.0"
      },
      "funding": {
        "url": "https://paulmillr.com/funding/"
      }
    },
    "node_modules/coffeescript": {
      "version": "2.7.0",
      "resolved": "https://registry.npmjs.org/coffeescript/-/coffeescript-2.7.0.tgz",
      "integrity": "sha512-hzWp6TUE2d/jCcN67LrW1eh5b/rSDKQK6oD6VMLlggYVUUFexgTH9z3dNYihzX4RMhze5FTUsUmOXViJKFQR/A==",
      "dev": true,
      "license": "MIT",
      "bin": {
        "cake": "bin/cake",
        "coffee": "bin/coffee"
      },
      "engines": {
        "node": ">=6"
      }
    },
    "node_modules/fs-plus": {
      "name": "@lumine-code/fs-plus",
      "version": "4.0.0",
      "resolved": "git+ssh://git@github.com/lumine-code/fs-plus.git#6be512460cd7a6d617277f9608b3fcba264cb3be",
      "integrity": "sha512-KdNirUIY4cyVWBYkWW5SMumMACUnIOJoTITYNhpj7b9FhxmHQ9N8UiBXJbxswZb8Cd+sGUhUgrnaI11laOZkNQ==",
      "license": "MIT",
      "engines": {
        "node": ">=20"
      }
    },
    "node_modules/isbinaryfile": {
      "version": "5.0.7",
      "resolved": "https://registry.npmjs.org/isbinaryfile/-/isbinaryfile-5.0.7.tgz",
      "integrity": "sha512-gnWD14Jh3FzS3CPhF0AxNOJ8CxqeblPTADzI38r0wt8ZyQl5edpy75myt08EG2oKvpyiqSqsx+Wkz9vtkbTqYQ==",
      "license": "MIT",
      "engines": {
        "node": ">= 18.0.0"
      },
      "funding": {
        "url": "https://github.com/sponsors/gjtorikian/"
      }
    },
    "node_modules/jasmine-reporters": {
      "version": "2.5.2",
      "resolved": "https://registry.npmjs.org/jasmine-reporters/-/jasmine-reporters-2.5.2.tgz",
      "integrity": "sha512-qdewRUuFOSiWhiyWZX8Yx3YNQ9JG51ntBEO4ekLQRpktxFTwUHy24a86zD/Oi2BRTKksEdfWQZcQFqzjqIkPig==",
      "dev": true,
      "license": "MIT",
      "dependencies": {
        "@xmldom/xmldom": "^0.8.5",
        "mkdirp": "^1.0.4"
      }
    },
    "node_modules/jasmine-reporters/node_modules/mkdirp": {
      "version": "1.0.4",
      "resolved": "https://registry.npmjs.org/mkdirp/-/mkdirp-1.0.4.tgz",
      "integrity": "sha512-vVqVZQyf3WLx2Shd0qJ9xuvqgAyKPLAiqITEtqW0oIUjzo3PePDd6fW9iFz30ef7Ysp/oiWqbhszeGWW2T6Gzw==",
      "dev": true,
      "license": "MIT",
      "bin": {
        "mkdirp": "bin/cmd.js"
      },
      "engines": {
        "node": ">=10"
      }
    },
    "node_modules/minimatch": {
      "version": "10.2.5",
      "resolved": "https://registry.npmjs.org/minimatch/-/minimatch-10.2.5.tgz",
      "integrity": "sha512-MULkVLfKGYDFYejP07QOurDLLQpcjk7Fw+7jXS2R2czRQzR56yHRveU5NDJEOviH+hETZKSkIk5c+T23GjFUMg==",
      "license": "BlueOak-1.0.0",
      "dependencies": {
        "brace-expansion": "^5.0.5"
      },
      "engines": {
        "node": "18 || 20 || >=22"
      },
      "funding": {
        "url": "https://github.com/sponsors/isaacs"
      }
    },
    "node_modules/minimatch/node_modules/balanced-match": {
      "version": "4.0.4",
      "resolved": "https://registry.npmjs.org/balanced-match/-/balanced-match-4.0.4.tgz",
      "integrity": "sha512-BLrgEcRTwX2o6gGxGOCNyMvGSp35YofuYzw9h1IMTRmKqttAZZVU67bdb9Pr2vUHA8+j3i2tJfjO6C6+4myGTA==",
      "license": "MIT",
      "engines": {
        "node": "18 || 20 || >=22"
      }
    },
    "node_modules/minimatch/node_modules/brace-expansion": {
      "version": "5.0.7",
      "resolved": "https://registry.npmjs.org/brace-expansion/-/brace-expansion-5.0.7.tgz",
      "integrity": "sha512-7oFy703dxfY3/NLxC1fh2SUCQ0H9rmAY+5EpDVfXjUTTs+HEwR2nYaqLv+GWcTsumwxPfiz6CzCNkwXwBUwqCA==",
      "license": "MIT",
      "dependencies": {
        "balanced-match": "^4.0.2"
      },
      "engines": {
        "node": "18 || 20 || >=22"
      }
    },
    "node_modules/node-addon-api": {
      "version": "8.9.0",
      "resolved": "https://registry.npmjs.org/node-addon-api/-/node-addon-api-8.9.0.tgz",
      "integrity": "sha512-ekZMeaaIzSQTSpr7X2X3iJM7lTzgnx8ahAG9pJfT/7+14mlEM8ZYQ9cgCDvSSRbReFK0oHli3WrZdCiRsgAT9Q==",
      "license": "MIT",
      "engines": {
        "node": "^18 || ^20 || >= 21"
      }
    },
    "node_modules/readdirp": {
      "version": "4.1.2",
      "resolved": "https://registry.npmjs.org/readdirp/-/readdirp-4.1.2.tgz",
      "integrity": "sha512-GDhwkLfywWL2s6vEjyhri+eXmfH6j1L7JE27WhqLeYzoh/A3DBaYGEj2H/HFZCn/kMfim73FXxEJTw06WtxQwg==",
      "dev": true,
      "license": "MIT",
      "engines": {
        "node": ">= 14.18.0"
      },
      "funding": {
        "type": "individual",
        "url": "https://paulmillr.com/funding/"
      }
    },
    "node_modules/requirejs": {
      "version": "2.3.8",
      "resolved": "https://registry.npmjs.org/requirejs/-/requirejs-2.3.8.tgz",
      "integrity": "sha512-7/cTSLOdYkNBNJcDMWf+luFvMriVm7eYxp4BcFCsAX0wF421Vyce5SXP17c+Jd5otXKGNehIonFlyQXSowL6Mw==",
      "dev": true,
      "license": "MIT",
      "bin": {
        "r_js": "bin/r.js",
        "r.js": "bin/r.js"
      },
      "engines": {
        "node": ">=0.4.0"
      }
    },
    "node_modules/source-map-js": {
      "version": "1.2.1",
      "resolved": "https://registry.npmjs.org/source-map-js/-/source-map-js-1.2.1.tgz",
      "integrity": "sha512-UXWMKhLOwVKb728IUtQPXxfYU+usdybtUrK/8uGE8CQMvrhOpwvzDBwj0QhSL7MQc7vIsISBG8VQ8+IDQxpfQA==",
      "dev": true,
      "license": "BSD-3-Clause",
      "engines": {
        "node": ">=0.10.0"
      }
    },
    "node_modules/split": {
      "version": "1.0.1",
      "resolved": "https://registry.npmjs.org/split/-/split-1.0.1.tgz",
      "integrity": "sha512-mTyOoPbrivtXnwnIxZRFYRrPNtEFKlpB2fvjSnCQUiAA6qAZzqwna5envK4uk6OIeP17CsdF3rSBGYVBsU0Tkg==",
      "dependencies": {
        "through": "2"
      },
      "engines": {
        "node": "*"
      }
    },
    "node_modules/through": {
      "version": "2.3.8",
      "resolved": "https://registry.npmjs.org/through/-/through-2.3.8.tgz",
      "integrity": "sha1-DdTJ/6q8NXlgsbckEV1+Doai4fU="
    },
    "node_modules/underscore": {
      "version": "1.13.8",
      "resolved": "https://registry.npmjs.org/underscore/-/underscore-1.13.8.tgz",
      "integrity": "sha512-DXtD3ZtEQzc7M8m4cXotyHR+FAS18C64asBYY5vqZexfYryNNnDc02W4hKg3rdQuqOYas1jkseX0+nZXjTXnvQ==",
      "dev": true,
      "license": "MIT"
    }
  }
}
